// !$*UTF8*$!
{
	archiveVersion = 1;
	classes = {
	};
	objectVersion = 46;
	objects = {

/* Begin PBXBuildFile section */
		C7170D4C1A4C806F007F0BCE /* UIViewController+Swizzled.m in Sources */ = {isa = PBXBuildFile; fileRef = C7170D4B1A4C806F007F0BCE /* UIViewController+Swizzled.m */; };
		EE7FFA1A18AE65E7004997F6 /* Foundation.framework in Frameworks */ = {isa = PBXBuildFile; fileRef = EE7FFA1918AE65E7004997F6 /* Foundation.framework */; };
		EE7FFA1C18AE65E7004997F6 /* CoreGraphics.framework in Frameworks */ = {isa = PBXBuildFile; fileRef = EE7FFA1B18AE65E7004997F6 /* CoreGraphics.framework */; };
		EE7FFA1E18AE65E7004997F6 /* UIKit.framework in Frameworks */ = {isa = PBXBuildFile; fileRef = EE7FFA1D18AE65E7004997F6 /* UIKit.framework */; };
		EE7FFA2418AE65E7004997F6 /* InfoPlist.strings in Resources */ = {isa = PBXBuildFile; fileRef = EE7FFA2218AE65E7004997F6 /* InfoPlist.strings */; };
		EE7FFA2618AE65E7004997F6 /* main.m in Sources */ = {isa = PBXBuildFile; fileRef = EE7FFA2518AE65E7004997F6 /* main.m */; };
		EE7FFA2A18AE65E7004997F6 /* AppDelegate.m in Sources */ = {isa = PBXBuildFile; fileRef = EE7FFA2918AE65E7004997F6 /* AppDelegate.m */; };
		EE7FFA2D18AE65E7004997F6 /* Main.storyboard in Resources */ = {isa = PBXBuildFile; fileRef = EE7FFA2B18AE65E7004997F6 /* Main.storyboard */; };
		EE7FFA3018AE65E7004997F6 /* FirstViewController.m in Sources */ = {isa = PBXBuildFile; fileRef = EE7FFA2F18AE65E7004997F6 /* FirstViewController.m */; };
		EE7FFA3318AE65E7004997F6 /* SecondViewController.m in Sources */ = {isa = PBXBuildFile; fileRef = EE7FFA3218AE65E7004997F6 /* SecondViewController.m */; };
		EE7FFA3518AE65E7004997F6 /* Images.xcassets in Resources */ = {isa = PBXBuildFile; fileRef = EE7FFA3418AE65E7004997F6 /* Images.xcassets */; };
		EE7FFA3C18AE65E7004997F6 /* XCTest.framework in Frameworks */ = {isa = PBXBuildFile; fileRef = EE7FFA3B18AE65E7004997F6 /* XCTest.framework */; };
		EE7FFA3D18AE65E7004997F6 /* Foundation.framework in Frameworks */ = {isa = PBXBuildFile; fileRef = EE7FFA1918AE65E7004997F6 /* Foundation.framework */; };
		EE7FFA3E18AE65E7004997F6 /* UIKit.framework in Frameworks */ = {isa = PBXBuildFile; fileRef = EE7FFA1D18AE65E7004997F6 /* UIKit.framework */; };
		EE7FFA4618AE65E7004997F6 /* InfoPlist.strings in Resources */ = {isa = PBXBuildFile; fileRef = EE7FFA4418AE65E7004997F6 /* InfoPlist.strings */; };
		EE7FFA4818AE65E7004997F6 /* ExampleTests.m in Sources */ = {isa = PBXBuildFile; fileRef = EE7FFA4718AE65E7004997F6 /* ExampleTests.m */; };
		EEF6492818B24BAD0009FD8F /* TestViewController.m in Sources */ = {isa = PBXBuildFile; fileRef = EEF6492718B24BAD0009FD8F /* TestViewController.m */; };
/* End PBXBuildFile section */

/* Begin PBXContainerItemProxy section */
		EE7FFA3F18AE65E7004997F6 /* PBXContainerItemProxy */ = {
			isa = PBXContainerItemProxy;
			containerPortal = EE7FFA0E18AE65E7004997F6 /* Project object */;
			proxyType = 1;
			remoteGlobalIDString = EE7FFA1518AE65E7004997F6;
			remoteInfo = Example;
		};
/* End PBXContainerItemProxy section */

/* Begin PBXFileReference section */
		C7170D4A1A4C806F007F0BCE /* UIViewController+Swizzled.h */ = {isa = PBXFileReference; fileEncoding = 4; lastKnownFileType = sourcecode.c.h; name = "UIViewController+Swizzled.h"; path = "../../UIViewController+Swizzled.h"; sourceTree = "<group>"; };
		C7170D4B1A4C806F007F0BCE /* UIViewController+Swizzled.m */ = {isa = PBXFileReference; fileEncoding = 4; lastKnownFileType = sourcecode.c.objc; name = "UIViewController+Swizzled.m"; path = "../../UIViewController+Swizzled.m"; sourceTree = "<group>"; };
		EE7FFA1618AE65E7004997F6 /* Example.app */ = {isa = PBXFileReference; explicitFileType = wrapper.application; includeInIndex = 0; path = Example.app; sourceTree = BUILT_PRODUCTS_DIR; };
		EE7FFA1918AE65E7004997F6 /* Foundation.framework */ = {isa = PBXFileReference; lastKnownFileType = wrapper.framework; name = Foundation.framework; path = System/Library/Frameworks/Foundation.framework; sourceTree = SDKROOT; };
		EE7FFA1B18AE65E7004997F6 /* CoreGraphics.framework */ = {isa = PBXFileReference; lastKnownFileType = wrapper.framework; name = CoreGraphics.framework; path = System/Library/Frameworks/CoreGraphics.framework; sourceTree = SDKROOT; };
		EE7FFA1D18AE65E7004997F6 /* UIKit.framework */ = {isa = PBXFileReference; lastKnownFileType = wrapper.framework; name = UIKit.framework; path = System/Library/Frameworks/UIKit.framework; sourceTree = SDKROOT; };
		EE7FFA2118AE65E7004997F6 /* Example-Info.plist */ = {isa = PBXFileReference; lastKnownFileType = text.plist.xml; path = "Example-Info.plist"; sourceTree = "<group>"; };
		EE7FFA2318AE65E7004997F6 /* en */ = {isa = PBXFileReference; lastKnownFileType = text.plist.strings; name = en; path = en.lproj/InfoPlist.strings; sourceTree = "<group>"; };
		EE7FFA2518AE65E7004997F6 /* main.m */ = {isa = PBXFileReference; lastKnownFileType = sourcecode.c.objc; path = main.m; sourceTree = "<group>"; };
		EE7FFA2718AE65E7004997F6 /* Example-Prefix.pch */ = {isa = PBXFileReference; lastKnownFileType = sourcecode.c.h; path = "Example-Prefix.pch"; sourceTree = "<group>"; };
		EE7FFA2818AE65E7004997F6 /* AppDelegate.h */ = {isa = PBXFileReference; lastKnownFileType = sourcecode.c.h; path = AppDelegate.h; sourceTree = "<group>"; };
		EE7FFA2918AE65E7004997F6 /* AppDelegate.m */ = {isa = PBXFileReference; lastKnownFileType = sourcecode.c.objc; path = AppDelegate.m; sourceTree = "<group>"; };
		EE7FFA2C18AE65E7004997F6 /* Base */ = {isa = PBXFileReference; lastKnownFileType = file.storyboard; name = Base; path = Base.lproj/Main.storyboard; sourceTree = "<group>"; };
		EE7FFA2E18AE65E7004997F6 /* FirstViewController.h */ = {isa = PBXFileReference; lastKnownFileType = sourcecode.c.h; path = FirstViewController.h; sourceTree = "<group>"; };
		EE7FFA2F18AE65E7004997F6 /* FirstViewController.m */ = {isa = PBXFileReference; lastKnownFileType = sourcecode.c.objc; path = FirstViewController.m; sourceTree = "<group>"; };
		EE7FFA3118AE65E7004997F6 /* SecondViewController.h */ = {isa = PBXFileReference; lastKnownFileType = sourcecode.c.h; path = SecondViewController.h; sourceTree = "<group>"; };
		EE7FFA3218AE65E7004997F6 /* SecondViewController.m */ = {isa = PBXFileReference; lastKnownFileType = sourcecode.c.objc; path = SecondViewController.m; sourceTree = "<group>"; };
		EE7FFA3418AE65E7004997F6 /* Images.xcassets */ = {isa = PBXFileReference; lastKnownFileType = folder.assetcatalog; path = Images.xcassets; sourceTree = "<group>"; };
		EE7FFA3A18AE65E7004997F6 /* ExampleTests.xctest */ = {isa = PBXFileReference; explicitFileType = wrapper.cfbundle; includeInIndex = 0; path = ExampleTests.xctest; sourceTree = BUILT_PRODUCTS_DIR; };
		EE7FFA3B18AE65E7004997F6 /* XCTest.framework */ = {isa = PBXFileReference; lastKnownFileType = wrapper.framework; name = XCTest.framework; path = Library/Frameworks/XCTest.framework; sourceTree = DEVELOPER_DIR; };
		EE7FFA4318AE65E7004997F6 /* ExampleTests-Info.plist */ = {isa = PBXFileReference; lastKnownFileType = text.plist.xml; path = "ExampleTests-Info.plist"; sourceTree = "<group>"; };
		EE7FFA4518AE65E7004997F6 /* en */ = {isa = PBXFileReference; lastKnownFileType = text.plist.strings; name = en; path = en.lproj/InfoPlist.strings; sourceTree = "<group>"; };
		EE7FFA4718AE65E7004997F6 /* ExampleTests.m */ = {isa = PBXFileReference; lastKnownFileType = sourcecode.c.objc; path = ExampleTests.m; sourceTree = "<group>"; };
		EEF6492618B24BAD0009FD8F /* TestViewController.h */ = {isa = PBXFileReference; fileEncoding = 4; lastKnownFileType = sourcecode.c.h; path = TestViewController.h; sourceTree = "<group>"; };
		EEF6492718B24BAD0009FD8F /* TestViewController.m */ = {isa = PBXFileReference; fileEncoding = 4; lastKnownFileType = sourcecode.c.objc; path = TestViewController.m; sourceTree = "<group>"; };
/* End PBXFileReference section */

/* Begin PBXFrameworksBuildPhase section */
		EE7FFA1318AE65E7004997F6 /* Frameworks */ = {
			isa = PBXFrameworksBuildPhase;
			buildActionMask = 2147483647;
			files = (
				EE7FFA1C18AE65E7004997F6 /* CoreGraphics.framework in Frameworks */,
				EE7FFA1E18AE65E7004997F6 /* UIKit.framework in Frameworks */,
				EE7FFA1A18AE65E7004997F6 /* Foundation.framework in Frameworks */,
			);
			runOnlyForDeploymentPostprocessing = 0;
		};
		EE7FFA3718AE65E7004997F6 /* Frameworks */ = {
			isa = PBXFrameworksBuildPhase;
			buildActionMask = 2147483647;
			files = (
				EE7FFA3C18AE65E7004997F6 /* XCTest.framework in Frameworks */,
				EE7FFA3E18AE65E7004997F6 /* UIKit.framework in Frameworks */,
				EE7FFA3D18AE65E7004997F6 /* Foundation.framework in Frameworks */,
			);
			runOnlyForDeploymentPostprocessing = 0;
		};
/* End PBXFrameworksBuildPhase section */

/* Begin PBXGroup section */
		EE7FFA0D18AE65E7004997F6 = {
			isa = PBXGroup;
			children = (
				EE7FFA1F18AE65E7004997F6 /* Example */,
				EE7FFA4118AE65E7004997F6 /* ExampleTests */,
				EE7FFA1818AE65E7004997F6 /* Frameworks */,
				EE7FFA1718AE65E7004997F6 /* Products */,
			);
			sourceTree = "<group>";
		};
		EE7FFA1718AE65E7004997F6 /* Products */ = {
			isa = PBXGroup;
			children = (
				EE7FFA1618AE65E7004997F6 /* Example.app */,
				EE7FFA3A18AE65E7004997F6 /* ExampleTests.xctest */,
			);
			name = Products;
			sourceTree = "<group>";
		};
		EE7FFA1818AE65E7004997F6 /* Frameworks */ = {
			isa = PBXGroup;
			children = (
				EE7FFA1918AE65E7004997F6 /* Foundation.framework */,
				EE7FFA1B18AE65E7004997F6 /* CoreGraphics.framework */,
				EE7FFA1D18AE65E7004997F6 /* UIKit.framework */,
				EE7FFA3B18AE65E7004997F6 /* XCTest.framework */,
			);
			name = Frameworks;
			sourceTree = "<group>";
		};
		EE7FFA1F18AE65E7004997F6 /* Example */ = {
			isa = PBXGroup;
			children = (
				EEF6492918B24BB70009FD8F /* ViewControllers */,
				EE7FFA5118AE6664004997F6 /* UIViewController-Swizzled */,
				EE7FFA2818AE65E7004997F6 /* AppDelegate.h */,
				EE7FFA2918AE65E7004997F6 /* AppDelegate.m */,
				EE7FFA2B18AE65E7004997F6 /* Main.storyboard */,
				EE7FFA3418AE65E7004997F6 /* Images.xcassets */,
				EE7FFA2018AE65E7004997F6 /* Supporting Files */,
			);
			path = Example;
			sourceTree = "<group>";
		};
		EE7FFA2018AE65E7004997F6 /* Supporting Files */ = {
			isa = PBXGroup;
			children = (
				EE7FFA2118AE65E7004997F6 /* Example-Info.plist */,
				EE7FFA2218AE65E7004997F6 /* InfoPlist.strings */,
				EE7FFA2518AE65E7004997F6 /* main.m */,
				EE7FFA2718AE65E7004997F6 /* Example-Prefix.pch */,
			);
			name = "Supporting Files";
			sourceTree = "<group>";
		};
		EE7FFA4118AE65E7004997F6 /* ExampleTests */ = {
			isa = PBXGroup;
			children = (
				EE7FFA4718AE65E7004997F6 /* ExampleTests.m */,
				EE7FFA4218AE65E7004997F6 /* Supporting Files */,
			);
			path = ExampleTests;
			sourceTree = "<group>";
		};
		EE7FFA4218AE65E7004997F6 /* Supporting Files */ = {
			isa = PBXGroup;
			children = (
				EE7FFA4318AE65E7004997F6 /* ExampleTests-Info.plist */,
				EE7FFA4418AE65E7004997F6 /* InfoPlist.strings */,
			);
			name = "Supporting Files";
			sourceTree = "<group>";
		};
		EE7FFA5118AE6664004997F6 /* UIViewController-Swizzled */ = {
			isa = PBXGroup;
			children = (
				C7170D4A1A4C806F007F0BCE /* UIViewController+Swizzled.h */,
				C7170D4B1A4C806F007F0BCE /* UIViewController+Swizzled.m */,
			);
			name = "UIViewController-Swizzled";
			sourceTree = "<group>";
		};
		EEF6492918B24BB70009FD8F /* ViewControllers */ = {
			isa = PBXGroup;
			children = (
				EEF6492618B24BAD0009FD8F /* TestViewController.h */,
				EEF6492718B24BAD0009FD8F /* TestViewController.m */,
				EE7FFA2E18AE65E7004997F6 /* FirstViewController.h */,
				EE7FFA2F18AE65E7004997F6 /* FirstViewController.m */,
				EE7FFA3118AE65E7004997F6 /* SecondViewController.h */,
				EE7FFA3218AE65E7004997F6 /* SecondViewController.m */,
			);
			name = ViewControllers;
			sourceTree = "<group>";
		};
/* End PBXGroup section */

/* Begin PBXNativeTarget section */
		EE7FFA1518AE65E7004997F6 /* Example */ = {
			isa = PBXNativeTarget;
			buildConfigurationList = EE7FFA4B18AE65E7004997F6 /* Build configuration list for PBXNativeTarget "Example" */;
			buildPhases = (
				EE7FFA1218AE65E7004997F6 /* Sources */,
				EE7FFA1318AE65E7004997F6 /* Frameworks */,
				EE7FFA1418AE65E7004997F6 /* Resources */,
			);
			buildRules = (
			);
			dependencies = (
			);
			name = Example;
			productName = Example;
			productReference = EE7FFA1618AE65E7004997F6 /* Example.app */;
			productType = "com.apple.product-type.application";
		};
		EE7FFA3918AE65E7004997F6 /* ExampleTests */ = {
			isa = PBXNativeTarget;
			buildConfigurationList = EE7FFA4E18AE65E7004997F6 /* Build configuration list for PBXNativeTarget "ExampleTests" */;
			buildPhases = (
				EE7FFA3618AE65E7004997F6 /* Sources */,
				EE7FFA3718AE65E7004997F6 /* Frameworks */,
				EE7FFA3818AE65E7004997F6 /* Resources */,
			);
			buildRules = (
			);
			dependencies = (
				EE7FFA4018AE65E7004997F6 /* PBXTargetDependency */,
			);
			name = ExampleTests;
			productName = ExampleTests;
			productReference = EE7FFA3A18AE65E7004997F6 /* ExampleTests.xctest */;
			productType = "com.apple.product-type.bundle.unit-test";
		};
/* End PBXNativeTarget section */

/* Begin PBXProject section */
		EE7FFA0E18AE65E7004997F6 /* Project object */ = {
			isa = PBXProject;
			attributes = {
				LastUpgradeCheck = 0500;
				TargetAttributes = {
					EE7FFA3918AE65E7004997F6 = {
						TestTargetID = EE7FFA1518AE65E7004997F6;
					};
				};
			};
			buildConfigurationList = EE7FFA1118AE65E7004997F6 /* Build configuration list for PBXProject "Example" */;
			compatibilityVersion = "Xcode 3.2";
			developmentRegion = English;
			hasScannedForEncodings = 0;
			knownRegions = (
				en,
				Base,
			);
			mainGroup = EE7FFA0D18AE65E7004997F6;
			productRefGroup = EE7FFA1718AE65E7004997F6 /* Products */;
			projectDirPath = "";
			projectRoot = "";
			targets = (
				EE7FFA1518AE65E7004997F6 /* Example */,
				EE7FFA3918AE65E7004997F6 /* ExampleTests */,
			);
		};
/* End PBXProject section */

/* Begin PBXResourcesBuildPhase section */
		EE7FFA1418AE65E7004997F6 /* Resources */ = {
			isa = PBXResourcesBuildPhase;
			buildActionMask = 2147483647;
			files = (
				EE7FFA3518AE65E7004997F6 /* Images.xcassets in Resources */,
				EE7FFA2418AE65E7004997F6 /* InfoPlist.strings in Resources */,
				EE7FFA2D18AE65E7004997F6 /* Main.storyboard in Resources */,
			);
			runOnlyForDeploymentPostprocessing = 0;
		};
		EE7FFA3818AE65E7004997F6 /* Resources */ = {
			isa = PBXResourcesBuildPhase;
			buildActionMask = 2147483647;
			files = (
				EE7FFA4618AE65E7004997F6 /* InfoPlist.strings in Resources */,
			);
			runOnlyForDeploymentPostprocessing = 0;
		};
/* End PBXResourcesBuildPhase section */

/* Begin PBXSourcesBuildPhase section */
		EE7FFA1218AE65E7004997F6 /* Sources */ = {
			isa = PBXSourcesBuildPhase;
			buildActionMask = 2147483647;
			files = (
				C7170D4C1A4C806F007F0BCE /* UIViewController+Swizzled.m in Sources */,
				EEF6492818B24BAD0009FD8F /* TestViewController.m in Sources */,
				EE7FFA3318AE65E7004997F6 /* SecondViewController.m in Sources */,
				EE7FFA2A18AE65E7004997F6 /* AppDelegate.m in Sources */,
				EE7FFA3018AE65E7004997F6 /* FirstViewController.m in Sources */,
				EE7FFA2618AE65E7004997F6 /* main.m in Sources */,
			);
			runOnlyForDeploymentPostprocessing = 0;
		};
		EE7FFA3618AE65E7004997F6 /* Sources */ = {
			isa = PBXSourcesBuildPhase;
			buildActionMask = 2147483647;
			files = (
				EE7FFA4818AE65E7004997F6 /* ExampleTests.m in Sources */,
			);
			runOnlyForDeploymentPostprocessing = 0;
		};
/* End PBXSourcesBuildPhase section */

/* Begin PBXTargetDependency section */
		EE7FFA4018AE65E7004997F6 /* PBXTargetDependency */ = {
			isa = PBXTargetDependency;
			target = EE7FFA1518AE65E7004997F6 /* Example */;
			targetProxy = EE7FFA3F18AE65E7004997F6 /* PBXContainerItemProxy */;
		};
/* End PBXTargetDependency section */

/* Begin PBXVariantGroup section */
		EE7FFA2218AE65E7004997F6 /* InfoPlist.strings */ = {
			isa = PBXVariantGroup;
			children = (
				EE7FFA2318AE65E7004997F6 /* en */,
			);
			name = InfoPlist.strings;
			sourceTree = "<group>";
		};
		EE7FFA2B18AE65E7004997F6 /* Main.storyboard */ = {
			isa = PBXVariantGroup;
			children = (
				EE7FFA2C18AE65E7004997F6 /* Base */,
			);
			name = Main.storyboard;
			sourceTree = "<group>";
		};
		EE7FFA4418AE65E7004997F6 /* InfoPlist.strings */ = {
			isa = PBXVariantGroup;
			children = (
				EE7FFA4518AE65E7004997F6 /* en */,
			);
			name = InfoPlist.strings;
			sourceTree = "<group>";
		};
/* End PBXVariantGroup section */

/* Begin XCBuildConfiguration section */
		EE7FFA4918AE65E7004997F6 /* Debug */ = {
			isa = XCBuildConfiguration;
			buildSettings = {
				ALWAYS_SEARCH_USER_PATHS = NO;
				ARCHS = "$(ARCHS_STANDARD_INCLUDING_64_BIT)";
				CLANG_CXX_LANGUAGE_STANDARD = "gnu++0x";
				CLANG_CXX_LIBRARY = "libc++";
				CLANG_ENABLE_MODULES = YES;
				CLANG_ENABLE_OBJC_ARC = YES;
				CLANG_WARN_BOOL_CONVERSION = YES;
				CLANG_WARN_CONSTANT_CONVERSION = YES;
				CLANG_WARN_DIRECT_OBJC_ISA_USAGE = YES_ERROR;
				CLANG_WARN_EMPTY_BODY = YES;
				CLANG_WARN_ENUM_CONVERSION = YES;
				CLANG_WARN_INT_CONVERSION = YES;
				CLANG_WARN_OBJC_ROOT_CLASS = YES_ERROR;
				CLANG_WARN__DUPLICATE_METHOD_MATCH = YES;
				"CODE_SIGN_IDENTITY[sdk=iphoneos*]" = "iPhone Developer";
				COPY_PHASE_STRIP = NO;
				GCC_C_LANGUAGE_STANDARD = gnu99;
				GCC_DYNAMIC_NO_PIC = NO;
				GCC_OPTIMIZATION_LEVEL = 0;
				GCC_PREPROCESSOR_DEFINITIONS = (
					"DEBUG=1",
					"$(inherited)",
				);
				GCC_SYMBOLS_PRIVATE_EXTERN = NO;
				GCC_WARN_64_TO_32_BIT_CONVERSION = YES;
				GCC_WARN_ABOUT_RETURN_TYPE = YES_ERROR;
				GCC_WARN_UNDECLARED_SELECTOR = YES;
				GCC_WARN_UNINITIALIZED_AUTOS = YES;
				GCC_WARN_UNUSED_FUNCTION = YES;
				GCC_WARN_UNUSED_VARIABLE = YES;
				IPHONEOS_DEPLOYMENT_TARGET = 7.0;
				ONLY_ACTIVE_ARCH = YES;
				SDKROOT = iphoneos;
			};
			name = Debug;
		};
		EE7FFA4A18AE65E7004997F6 /* Release */ = {
			isa = XCBuildConfiguration;
			buildSettings = {
				ALWAYS_SEARCH_USER_PATHS = NO;
				ARCHS = "$(ARCHS_STANDARD_INCLUDING_64_BIT)";
				CLANG_CXX_LANGUAGE_STANDARD = "gnu++0x";
				CLANG_CXX_LIBRARY = "libc++";
				CLANG_ENABLE_MODULES = YES;
				CLANG_ENABLE_OBJC_ARC = YES;
				CLANG_WARN_BOOL_CONVERSION = YES;
				CLANG_WARN_CONSTANT_CONVERSION = YES;
				CLANG_WARN_DIRECT_OBJC_ISA_USAGE = YES_ERROR;
				CLANG_WARN_EMPTY_BODY = YES;
				CLANG_WARN_ENUM_CONVERSION = YES;
				CLANG_WARN_INT_CONVERSION = YES;
				CLANG_WARN_OBJC_ROOT_CLASS = YES_ERROR;
				CLANG_WARN__DUPLICATE_METHOD_MATCH = YES;
				"CODE_SIGN_IDENTITY[sdk=iphoneos*]" = "iPhone Developer";
				COPY_PHASE_STRIP = YES;
				ENABLE_NS_ASSERTIONS = NO;
				GCC_C_LANGUAGE_STANDARD = gnu99;
				GCC_WARN_64_TO_32_BIT_CONVERSION = YES;
				GCC_WARN_ABOUT_RETURN_TYPE = YES_ERROR;
				GCC_WARN_UNDECLARED_SELECTOR = YES;
				GCC_WARN_UNINITIALIZED_AUTOS = YES;
				GCC_WARN_UNUSED_FUNCTION = YES;
				GCC_WARN_UNUSED_VARIABLE = YES;
				IPHONEOS_DEPLOYMENT_TARGET = 7.0;
				SDKROOT = iphoneos;
				VALIDATE_PRODUCT = YES;
			};
			name = Release;
		};
		EE7FFA4C18AE65E7004997F6 /* Debug */ = {
			isa = XCBuildConfiguration;
			buildSettings = {
				ASSETCATALOG_COMPILER_APPICON_NAME = AppIcon;
				ASSETCATALOG_COMPILER_LAUNCHIMAGE_NAME = LaunchImage;
				GCC_PRECOMPILE_PREFIX_HEADER = YES;
				GCC_PREFIX_HEADER = "Example/Example-Prefix.pch";
				INFOPLIST_FILE = "Example/Example-Info.plist";
				PRODUCT_NAME = "$(TARGET_NAME)";
				WRAPPER_EXTENSION = app;
			};
			name = Debug;
		};
		EE7FFA4D18AE65E7004997F6 /* Release */ = {
			isa = XCBuildConfiguration;
			buildSettings = {
				ASSETCATALOG_COMPILER_APPICON_NAME = AppIcon;
				ASSETCATALOG_COMPILER_LAUNCHIMAGE_NAME = LaunchImage;
				GCC_PRECOMPILE_PREFIX_HEADER = YES;
				GCC_PREFIX_HEADER = "Example/Example-Prefix.pch";
				INFOPLIST_FILE = "Example/Example-Info.plist";
				PRODUCT_NAME = "$(TARGET_NAME)";
				WRAPPER_EXTENSION = app;
			};
			name = Release;
		};
		EE7FFA4F18AE65E7004997F6 /* Debug */ = {
			isa = XCBuildConfiguration;
			buildSettings = {
				ARCHS = "$(ARCHS_STANDARD_INCLUDING_64_BIT)";
				BUNDLE_LOADER = "$(BUILT_PRODUCTS_DIR)/Example.app/Example";
				FRAMEWORK_SEARCH_PATHS = (
					"$(SDKROOT)/Developer/Library/Frameworks",
					"$(inherited)",
					"$(DEVELOPER_FRAMEWORKS_DIR)",
				);
				GCC_PRECOMPILE_PREFIX_HEADER = YES;
				GCC_PREFIX_HEADER = "Example/Example-Prefix.pch";
				GCC_PREPROCESSOR_DEFINITIONS = (
					"DEBUG=1",
					"$(inherited)",
				);
				INFOPLIST_FILE = "ExampleTests/ExampleTests-Info.plist";
				PRODUCT_NAME = "$(TARGET_NAME)";
				TEST_HOST = "$(BUNDLE_LOADER)";
				WRAPPER_EXTENSION = xctest;
			};
			name = Debug;
		};
		EE7FFA5018AE65E7004997F6 /* Release */ = {
			isa = XCBuildConfiguration;
			buildSettings = {
				ARCHS = "$(ARCHS_STANDARD_INCLUDING_64_BIT)";
				BUNDLE_LOADER = "$(BUILT_PRODUCTS_DIR)/Example.app/Example";
				FRAMEWORK_SEARCH_PATHS = (
					"$(SDKROOT)/Developer/Library/Frameworks",
					"$(inherited)",
					"$(DEVELOPER_FRAMEWORKS_DIR)",
				);
				GCC_PRECOMPILE_PREFIX_HEADER = YES;
				GCC_PREFIX_HEADER = "Example/Example-Prefix.pch";
				INFOPLIST_FILE = "ExampleTests/ExampleTests-Info.plist";
				PRODUCT_NAME = "$(TARGET_NAME)";
				TEST_HOST = "$(BUNDLE_LOADER)";
				WRAPPER_EXTENSION = xctest;
			};
			name = Release;
		};
/* End XCBuildConfiguration section */

/* Begin XCConfigurationList section */
		EE7FFA1118AE65E7004997F6 /* Build configuration list for PBXProject "Example" */ = {
			isa = XCConfigurationList;
			buildConfigurations = (
				EE7FFA4918AE65E7004997F6 /* Debug */,
				EE7FFA4A18AE65E7004997F6 /* Release */,
			);
			defaultConfigurationIsVisible = 0;
			defaultConfigurationName = Release;
		};
		EE7FFA4B18AE65E7004997F6 /* Build configuration list for PBXNativeTarget "Example" */ = {
			isa = XCConfigurationList;
			buildConfigurations = (
				EE7FFA4C18AE65E7004997F6 /* Debug */,
				EE7FFA4D18AE65E7004997F6 /* Release */,
			);
			defaultConfigurationIsVisible = 0;
			defaultConfigurationName = Release;
		};
		EE7FFA4E18AE65E7004997F6 /* Build configuration list for PBXNativeTarget "ExampleTests" */ = {
			isa = XCConfigurationList;
			buildConfigurations = (
				EE7FFA4F18AE65E7004997F6 /* Debug */,
				EE7FFA5018AE65E7004997F6 /* Release */,
			);
			defaultConfigurationIsVisible = 0;
			defaultConfigurationName = Release;
		};
/* End XCConfigurationList section */
	};
	rootObject = EE7FFA0E18AE65E7004997F6 /* Project object */;
}
